# THIS IS AN AUTOGENERATED FILE. DO NOT EDIT THIS FILE DIRECTLY.
# yarn lockfile v1


"@web3-react/abstract-connector@^6.0.7":
  version "6.0.7"
  resolved "https://registry.yarnpkg.com/@web3-react/abstract-connector/-/abstract-connector-6.0.7.tgz#401b3c045f1e0fab04256311be49d5144e9badc6"
  integrity sha512-RhQasA4Ox8CxUC0OENc1AJJm8UTybu/oOCM61Zjg6y0iF7Z0sqv1Ai1VdhC33hrQpA8qSBgoXN9PaP8jKmtdqg==
  dependencies:
    "@web3-react/types" "^6.0.7"

"@web3-react/types@^6.0.7":
  version "6.0.7"
  resolved "https://registry.yarnpkg.com/@web3-react/types/-/types-6.0.7.tgz#34a6204224467eedc6123abaf55fbb6baeb2809f"
  integrity sha512-ofGmfDhxmNT1/P/MgVa8IKSkCStFiyvXe+U5tyZurKdrtTDFU+wJ/LxClPDtFerWpczNFPUSrKcuhfPX1sI6+A==

cookiejar@^2.1.1:
  version "2.1.2"
  resolved "https://registry.yarnpkg.com/cookiejar/-/cookiejar-2.1.2.tgz#dd8a235530752f988f9a0844f3fc589e3111125c"
  integrity sha512-Mw+adcfzPxcPeI+0WlvRrr/3lGVO0bD75SxX6811cxSh1Wbxx7xZBGK1eVtDf6si8rg2lhnUjsVLMFMfbRIuwA==

eth-provider@^0.7.0:
  version "0.7.0"
  resolved "https://registry.yarnpkg.com/eth-provider/-/eth-provider-0.7.0.tgz#e85d70f7707273b7e7e36d372e819cb4a76bd81c"
  integrity sha512-6YJfLNN5PcQKrnqN6BGpDP/+YKr8wf/AergP++aVqNBfVl1uH/0U3pCm5BzJ3UoAnY5FfgA5MPt/TQgU8q54kA==
  dependencies:
    ethereum-provider "0.2.2"
    events "3.3.0"
    oboe "2.1.5"
    uuid "8.3.2"
    ws "7.5.0"
    xhr2-cookies "1.1.0"

ethereum-provider@0.2.2:
  version "0.2.2"
  resolved "https://registry.yarnpkg.com/ethereum-provider/-/ethereum-provider-0.2.2.tgz#37ba0674a6c05915b51afb8e6d13e9bd166f1c33"
  integrity sha512-147DaU4nccfYYCAKhrILdgSWTjjZX2NnmcZJx12frM+cNw8cGTbpQPpi4xApagIk7HlN16ZncCP5uyOiZN7n3g==
  dependencies:
    events "3.2.0"

events@3.2.0:
  version "3.2.0"
  resolved "https://registry.yarnpkg.com/events/-/events-3.2.0.tgz#93b87c18f8efcd4202a461aec4dfc0556b639379"
  integrity sha512-/46HWwbfCX2xTawVfkKLGxMifJYQBWMwY1mjywRtb4c9x8l5NP3KoJtnIOiL1hfdRkIuYhETxQlo62IF8tcnlg==

events@3.3.0:
  version "3.3.0"
  resolved "https://registry.yarnpkg.com/events/-/events-3.3.0.tgz#31a95ad0a924e2d2c419a813aeb2c4e878ea7400"
  integrity sha512-mQw+2fkQbALzQ7V0MY0IqdnXNOeTtP4r0lN9z7AAawCXgqea7bDii20AYrIBrFd/Hx0M2Ocz6S111CaFkUcb0Q==

http-https@^1.0.0:
  version "1.0.0"
  resolved "https://registry.yarnpkg.com/http-https/-/http-https-1.0.0.tgz#2f908dd5f1db4068c058cd6e6d4ce392c913389b"
  integrity sha1-L5CN1fHbQGjAWM1ubUzjkskTOJs=

oboe@2.1.5:
  version "2.1.5"
  resolved "https://registry.yarnpkg.com/oboe/-/oboe-2.1.5.tgz#5554284c543a2266d7a38f17e073821fbde393cd"
  integrity sha512-zRFWiF+FoicxEs3jNI/WYUrVEgA7DeET/InK0XQuudGHRg8iIob3cNPrJTKaz4004uaA9Pbe+Dwa8iluhjLZWA==
  dependencies:
    http-https "^1.0.0"

tiny-invariant@^1.0.6:
  version "1.1.0"
  resolved "https://registry.yarnpkg.com/tiny-invariant/-/tiny-invariant-1.1.0.tgz#634c5f8efdc27714b7f386c35e6760991d230875"
  integrity sha512-ytxQvrb1cPc9WBEI/HSeYYoGD0kWnGEOR8RY6KomWLBVhqz0RgTwVO9dLrGz7dC+nN9llyI7OKAgRq8Vq4ZBSw==

uuid@8.3.2:
  version "8.3.2"
  resolved "https://registry.yarnpkg.com/uuid/-/uuid-8.3.2.tgz#80d5b5ced271bb9af6c445f21a1a04c606cefbe2"
  integrity sha512-+NYs2QeMWy+GWFOEm9xnn6HCDp0l7QBD7ml8zLUmJ+93Q5NF0NocErnwkTkXVFNiX3/fpC6afS8Dhb/gz7R7eg==

ws@7.5.0:
  version "7.5.0"
  resolved "https://registry.yarnpkg.com/ws/-/ws-7.5.0.tgz#0033bafea031fb9df041b2026fc72a571ca44691"
  integrity sha512-6ezXvzOZupqKj4jUqbQ9tXuJNo+BR2gU8fFRk3XCP3e0G6WT414u5ELe6Y0vtp7kmSJ3F7YWObSNr1ESsgi4vw==

xhr2-cookies@1.1.0:
  version "1.1.0"
  resolved "https://registry.yarnpkg.com/xhr2-cookies/-/xhr2-cookies-1.1.0.tgz#7d77449d0999197f155cb73b23df72505ed89d48"
  integrity sha1-fXdEnQmZGX8VXLc7I99yUF7YnUg=
  dependencies:
    cookiejar "^2.1.1"
